
Microsoft Visual Studio Solution File, Format Version 12.00
# Visual Studio Version 16
VisualStudioVersion = 16.0.29306.81
MinimumVisualStudioVersion = 10.0.40219.1
Project("{FAE04EC0-301F-11D3-BF4B-00C04F79EFBC}") = "Vim.LinqArray.Tests", "LinqArray.Tests\Vim.LinqArray.Tests.csproj", "{B83D1FBE-6708-41EB-A028-D604CB44A5C1}"
EndProject
Project("{9A19103F-16F7-4668-BE54-9A1E7A4F7556}") = "Vim.LinqArray", "LinqArray\Vim.LinqArray.csproj", "{A2518E5F-3C3D-4ADD-9EA8-B0162E333DF7}"
EndProject
Global
	GlobalSection(SolutionConfigurationPlatforms) = preSolution
		Debug|Any CPU = Debug|Any CPU
		Release|Any CPU = Release|Any CPU
	EndGlobalSection
	GlobalSection(ProjectConfigurationPlatforms) = postSolution
		{B83D1FBE-6708-41EB-A028-D604CB44A5C1}.Debug|Any CPU.ActiveCfg = Debug|Any CPU
		{B83D1FBE-6708-41EB-A028-D604CB44A5C1}.Debug|Any CPU.Build.0 = Debug|Any CPU
		{B83D1FBE-6708-41EB-A028-D604CB44A5C1}.Release|Any CPU.ActiveCfg = Release|Any CPU
		{B83D1FBE-6708-41EB-A028-D604CB44A5C1}.Release|Any CPU.Build.0 = Release|Any CPU
		{A2518E5F-3C3D-4ADD-9EA8-B0162E333DF7}.Debug|Any CPU.ActiveCfg = Debug|Any CPU
		{A2518E5F-3C3D-4ADD-9EA8-B0162E333DF7}.Debug|Any CPU.Build.0 = Debug|Any CPU
		{A2518E5F-3C3D-4ADD-9EA8-B0162E333DF7}.Release|Any CPU.ActiveCfg = Release|Any CPU
		{A2518E5F-3C3D-4ADD-9EA8-B0162E333DF7}.Release|Any CPU.Build.0 = Release|Any CPU
	EndGlobalSection
	GlobalSection(SolutionProperties) = preSolution
		HideSolutionNode = FALSE
	EndGlobalSection
	GlobalSection(ExtensibilityGlobals) = postSolution
		SolutionGuid = {1C67173F-3315-4009-8CE3-9C85696563D1}
	EndGlobalSection
EndGlobal
