
Microsoft Visual Studio Solution File, Format Version 12.00
# Visual Studio 15
VisualStudioVersion = 15.0.28010.2016
MinimumVisualStudioVersion = 10.0.40219.1
Project("{FAE04EC0-301F-11D3-BF4B-00C04F79EFBC}") = "LinqArray", "LinqArray\LinqArray.csproj", "{81718218-F3E7-4D54-8552-2A65FBEBEE85}"
EndProject
Project("{FAE04EC0-301F-11D3-BF4B-00C04F79EFBC}") = "LinqArrayTests", "LinqArrayTests\LinqArrayTests.csproj", "{B83D1FBE-6708-41EB-A028-D604CB44A5C1}"
EndProject
Global
	GlobalSection(SolutionConfigurationPlatforms) = preSolution
		Debug|Any CPU = Debug|Any CPU
		Release|Any CPU = Release|Any CPU
	EndGlobalSection
	GlobalSection(ProjectConfigurationPlatforms) = postSolution
		{81718218-F3E7-4D54-8552-2A65FBEBEE85}.Debug|Any CPU.ActiveCfg = Debug|Any CPU
		{81718218-F3E7-4D54-8552-2A65FBEBEE85}.Debug|Any CPU.Build.0 = Debug|Any CPU
		{81718218-F3E7-4D54-8552-2A65FBEBEE85}.Release|Any CPU.ActiveCfg = Release|Any CPU
		{81718218-F3E7-4D54-8552-2A65FBEBEE85}.Release|Any CPU.Build.0 = Release|Any CPU
		{B83D1FBE-6708-41EB-A028-D604CB44A5C1}.Debug|Any CPU.ActiveCfg = Debug|Any CPU
		{B83D1FBE-6708-41EB-A028-D604CB44A5C1}.Debug|Any CPU.Build.0 = Debug|Any CPU
		{B83D1FBE-6708-41EB-A028-D604CB44A5C1}.Release|Any CPU.ActiveCfg = Release|Any CPU
		{B83D1FBE-6708-41EB-A028-D604CB44A5C1}.Release|Any CPU.Build.0 = Release|Any CPU
	EndGlobalSection
	GlobalSection(SolutionProperties) = preSolution
		HideSolutionNode = FALSE
	EndGlobalSection
	GlobalSection(ExtensibilityGlobals) = postSolution
		SolutionGuid = {1C67173F-3315-4009-8CE3-9C85696563D1}
	EndGlobalSection
EndGlobal
